
Microsoft Visual Studio Solution File, Format Version 12.00
# Visual Studio 2013
VisualStudioVersion = 12.0.21005.1
MinimumVisualStudioVersion = 10.0.40219.1
Project("{F184B08F-C81C-45F6-A57F-5ABD9991F28F}") = "ImportTextDataFromSpeedway", "ImportTextDataFromSpeedway\ImportTextDataFromSpeedway.vbproj", "{D5EA98FE-1E71-4898-BF90-96FB42A0D9FB}"
EndProject
Project("{F184B08F-C81C-45F6-A57F-5ABD9991F28F}") = "TestBackgroundProcess", "TestBackgroundProcess\TestBackgroundProcess.vbproj", "{0C84A6BD-3016-4716-BDD0-772271D19302}"
EndProject
Project("{F184B08F-C81C-45F6-A57F-5ABD9991F28F}") = "ConfigWindowService", "ConfigWindowService\ConfigWindowService.vbproj", "{B2D6A68E-50DA-46E3-B22B-5E08CE75E052}"
EndProject
Project("{F184B08F-C81C-45F6-A57F-5ABD9991F28F}") = "Engine", "..\ShareObject\Engine\Engine.vbproj", "{FE713044-1796-4563-BFC6-7FE28E11DE4A}"
EndProject
Project("{F184B08F-C81C-45F6-A57F-5ABD9991F28F}") = "LinqDB", "..\ShareObject\LinqDB\LinqDB.vbproj", "{8830F18D-75AA-41AE-AF7A-5FFAE77EFB79}"
EndProject
Project("{F184B08F-C81C-45F6-A57F-5ABD9991F28F}") = "LinqWS", "..\ShareObject\LinqWS\LinqWS.vbproj", "{F06C0D16-5F74-4DD3-AE87-F2FF1F64A5FD}"
EndProject
Project("{F184B08F-C81C-45F6-A57F-5ABD9991F28F}") = "RFIDReaderProcessControl", "RFIDReaderProcessControl\RFIDReaderProcessControl.vbproj", "{F4CA0600-2F3E-4AEB-ACA4-5CDE07467C69}"
EndProject
Project("{F184B08F-C81C-45F6-A57F-5ABD9991F28F}") = "RFIDReaderImportData", "RFIDReaderImportData\RFIDReaderImportData.vbproj", "{16AEF5E4-1F3E-40D2-BFD0-55E7E4C237A5}"
EndProject
Project("{F184B08F-C81C-45F6-A57F-5ABD9991F28F}") = "TracingWindowService", "TracingWindowService\TracingWindowService.vbproj", "{F1E3D249-8F8D-4F8F-91DC-81AC624C6E8E}"
EndProject
Project("{F184B08F-C81C-45F6-A57F-5ABD9991F28F}") = "SentEmailAlert", "SentEmailAlarm\SentEmailAlert.vbproj", "{3B58805C-0A21-46D7-877E-C1E513243CC6}"
EndProject
Project("{F184B08F-C81C-45F6-A57F-5ABD9991F28F}") = "ImportDataFromAECWindowService", "ImportDataFromAECWindowService\ImportDataFromAECWindowService.vbproj", "{382C6D76-D46C-45F4-A090-C65980386C2F}"
EndProject
Project("{F184B08F-C81C-45F6-A57F-5ABD9991F28F}") = "DbAgent", "DbAgent\DbAgent.vbproj", "{973BF8E8-7D94-4311-B1AE-BFC60B5232C5}"
EndProject
Project("{F184B08F-C81C-45F6-A57F-5ABD9991F28F}") = "CopyTextfileFromSpeedway", "CopyTextfileFromSpeedway\CopyTextfileFromSpeedway.vbproj", "{F9CF2494-37D6-49EC-BBEC-54A83BAFEBAA}"
EndProject
Project("{F184B08F-C81C-45F6-A57F-5ABD9991F28F}") = "ImportDataFromSpeedwaySocket", "ImportDataFromSpeedwaySocket\ImportDataFromSpeedwaySocket.vbproj", "{B521ABFE-4317-4C54-962D-8041C93AE440}"
EndProject
Project("{F184B08F-C81C-45F6-A57F-5ABD9991F28F}") = "CalculateGrowthRatio", "CalculateGrowthRatio\CalculateGrowthRatio.vbproj", "{717D27C0-D32B-4DBB-B181-E086728CD787}"
EndProject
Project("{F184B08F-C81C-45F6-A57F-5ABD9991F28F}") = "ImportParticleAndTemp", "ImportParticleAndTemp\ImportParticleAndTemp.vbproj", "{89B48687-E50A-41B1-B49C-F09D8417D477}"
EndProject
Project("{F184B08F-C81C-45F6-A57F-5ABD9991F28F}") = "UpdateCurrentLocationFromTextfile", "UpdateCurrentLocationFromTextfile\UpdateCurrentLocationFromTextfile.vbproj", "{2BF2C60F-9FA0-48BD-BCC7-17DC0E3747E5}"
EndProject
Global
	GlobalSection(SolutionConfigurationPlatforms) = preSolution
		Debug|Any CPU = Debug|Any CPU
		Release|Any CPU = Release|Any CPU
	EndGlobalSection
	GlobalSection(ProjectConfigurationPlatforms) = postSolution
		{D5EA98FE-1E71-4898-BF90-96FB42A0D9FB}.Debug|Any CPU.ActiveCfg = Debug|Any CPU
		{D5EA98FE-1E71-4898-BF90-96FB42A0D9FB}.Debug|Any CPU.Build.0 = Debug|Any CPU
		{D5EA98FE-1E71-4898-BF90-96FB42A0D9FB}.Release|Any CPU.ActiveCfg = Release|Any CPU
		{D5EA98FE-1E71-4898-BF90-96FB42A0D9FB}.Release|Any CPU.Build.0 = Release|Any CPU
		{0C84A6BD-3016-4716-BDD0-772271D19302}.Debug|Any CPU.ActiveCfg = Debug|Any CPU
		{0C84A6BD-3016-4716-BDD0-772271D19302}.Debug|Any CPU.Build.0 = Debug|Any CPU
		{0C84A6BD-3016-4716-BDD0-772271D19302}.Release|Any CPU.ActiveCfg = Release|Any CPU
		{0C84A6BD-3016-4716-BDD0-772271D19302}.Release|Any CPU.Build.0 = Release|Any CPU
		{B2D6A68E-50DA-46E3-B22B-5E08CE75E052}.Debug|Any CPU.ActiveCfg = Debug|Any CPU
		{B2D6A68E-50DA-46E3-B22B-5E08CE75E052}.Debug|Any CPU.Build.0 = Debug|Any CPU
		{B2D6A68E-50DA-46E3-B22B-5E08CE75E052}.Release|Any CPU.ActiveCfg = Release|Any CPU
		{B2D6A68E-50DA-46E3-B22B-5E08CE75E052}.Release|Any CPU.Build.0 = Release|Any CPU
		{FE713044-1796-4563-BFC6-7FE28E11DE4A}.Debug|Any CPU.ActiveCfg = Debug|Any CPU
		{FE713044-1796-4563-BFC6-7FE28E11DE4A}.Debug|Any CPU.Build.0 = Debug|Any CPU
		{FE713044-1796-4563-BFC6-7FE28E11DE4A}.Release|Any CPU.ActiveCfg = Release|Any CPU
		{FE713044-1796-4563-BFC6-7FE28E11DE4A}.Release|Any CPU.Build.0 = Release|Any CPU
		{8830F18D-75AA-41AE-AF7A-5FFAE77EFB79}.Debug|Any CPU.ActiveCfg = Debug|Any CPU
		{8830F18D-75AA-41AE-AF7A-5FFAE77EFB79}.Debug|Any CPU.Build.0 = Debug|Any CPU
		{8830F18D-75AA-41AE-AF7A-5FFAE77EFB79}.Release|Any CPU.ActiveCfg = Release|Any CPU
		{8830F18D-75AA-41AE-AF7A-5FFAE77EFB79}.Release|Any CPU.Build.0 = Release|Any CPU
		{F06C0D16-5F74-4DD3-AE87-F2FF1F64A5FD}.Debug|Any CPU.ActiveCfg = Debug|Any CPU
		{F06C0D16-5F74-4DD3-AE87-F2FF1F64A5FD}.Debug|Any CPU.Build.0 = Debug|Any CPU
		{F06C0D16-5F74-4DD3-AE87-F2FF1F64A5FD}.Release|Any CPU.ActiveCfg = Release|Any CPU
		{F06C0D16-5F74-4DD3-AE87-F2FF1F64A5FD}.Release|Any CPU.Build.0 = Release|Any CPU
		{F4CA0600-2F3E-4AEB-ACA4-5CDE07467C69}.Debug|Any CPU.ActiveCfg = Debug|Any CPU
		{F4CA0600-2F3E-4AEB-ACA4-5CDE07467C69}.Debug|Any CPU.Build.0 = Debug|Any CPU
		{F4CA0600-2F3E-4AEB-ACA4-5CDE07467C69}.Release|Any CPU.ActiveCfg = Release|Any CPU
		{F4CA0600-2F3E-4AEB-ACA4-5CDE07467C69}.Release|Any CPU.Build.0 = Release|Any CPU
		{16AEF5E4-1F3E-40D2-BFD0-55E7E4C237A5}.Debug|Any CPU.ActiveCfg = Debug|Any CPU
		{16AEF5E4-1F3E-40D2-BFD0-55E7E4C237A5}.Debug|Any CPU.Build.0 = Debug|Any CPU
		{16AEF5E4-1F3E-40D2-BFD0-55E7E4C237A5}.Release|Any CPU.ActiveCfg = Release|Any CPU
		{16AEF5E4-1F3E-40D2-BFD0-55E7E4C237A5}.Release|Any CPU.Build.0 = Release|Any CPU
		{F1E3D249-8F8D-4F8F-91DC-81AC624C6E8E}.Debug|Any CPU.ActiveCfg = Debug|Any CPU
		{F1E3D249-8F8D-4F8F-91DC-81AC624C6E8E}.Debug|Any CPU.Build.0 = Debug|Any CPU
		{F1E3D249-8F8D-4F8F-91DC-81AC624C6E8E}.Release|Any CPU.ActiveCfg = Release|Any CPU
		{F1E3D249-8F8D-4F8F-91DC-81AC624C6E8E}.Release|Any CPU.Build.0 = Release|Any CPU
		{3B58805C-0A21-46D7-877E-C1E513243CC6}.Debug|Any CPU.ActiveCfg = Debug|Any CPU
		{3B58805C-0A21-46D7-877E-C1E513243CC6}.Debug|Any CPU.Build.0 = Debug|Any CPU
		{3B58805C-0A21-46D7-877E-C1E513243CC6}.Release|Any CPU.ActiveCfg = Release|Any CPU
		{3B58805C-0A21-46D7-877E-C1E513243CC6}.Release|Any CPU.Build.0 = Release|Any CPU
		{382C6D76-D46C-45F4-A090-C65980386C2F}.Debug|Any CPU.ActiveCfg = Debug|Any CPU
		{382C6D76-D46C-45F4-A090-C65980386C2F}.Debug|Any CPU.Build.0 = Debug|Any CPU
		{382C6D76-D46C-45F4-A090-C65980386C2F}.Release|Any CPU.ActiveCfg = Release|Any CPU
		{382C6D76-D46C-45F4-A090-C65980386C2F}.Release|Any CPU.Build.0 = Release|Any CPU
		{973BF8E8-7D94-4311-B1AE-BFC60B5232C5}.Debug|Any CPU.ActiveCfg = Debug|Any CPU
		{973BF8E8-7D94-4311-B1AE-BFC60B5232C5}.Debug|Any CPU.Build.0 = Debug|Any CPU
		{973BF8E8-7D94-4311-B1AE-BFC60B5232C5}.Release|Any CPU.ActiveCfg = Release|Any CPU
		{973BF8E8-7D94-4311-B1AE-BFC60B5232C5}.Release|Any CPU.Build.0 = Release|Any CPU
		{F9CF2494-37D6-49EC-BBEC-54A83BAFEBAA}.Debug|Any CPU.ActiveCfg = Debug|Any CPU
		{F9CF2494-37D6-49EC-BBEC-54A83BAFEBAA}.Debug|Any CPU.Build.0 = Debug|Any CPU
		{F9CF2494-37D6-49EC-BBEC-54A83BAFEBAA}.Release|Any CPU.ActiveCfg = Release|Any CPU
		{F9CF2494-37D6-49EC-BBEC-54A83BAFEBAA}.Release|Any CPU.Build.0 = Release|Any CPU
		{B521ABFE-4317-4C54-962D-8041C93AE440}.Debug|Any CPU.ActiveCfg = Debug|Any CPU
		{B521ABFE-4317-4C54-962D-8041C93AE440}.Debug|Any CPU.Build.0 = Debug|Any CPU
		{B521ABFE-4317-4C54-962D-8041C93AE440}.Release|Any CPU.ActiveCfg = Release|Any CPU
		{B521ABFE-4317-4C54-962D-8041C93AE440}.Release|Any CPU.Build.0 = Release|Any CPU
		{717D27C0-D32B-4DBB-B181-E086728CD787}.Debug|Any CPU.ActiveCfg = Debug|Any CPU
		{717D27C0-D32B-4DBB-B181-E086728CD787}.Debug|Any CPU.Build.0 = Debug|Any CPU
		{717D27C0-D32B-4DBB-B181-E086728CD787}.Release|Any CPU.ActiveCfg = Release|Any CPU
		{717D27C0-D32B-4DBB-B181-E086728CD787}.Release|Any CPU.Build.0 = Release|Any CPU
		{89B48687-E50A-41B1-B49C-F09D8417D477}.Debug|Any CPU.ActiveCfg = Debug|Any CPU
		{89B48687-E50A-41B1-B49C-F09D8417D477}.Debug|Any CPU.Build.0 = Debug|Any CPU
		{89B48687-E50A-41B1-B49C-F09D8417D477}.Release|Any CPU.ActiveCfg = Release|Any CPU
		{89B48687-E50A-41B1-B49C-F09D8417D477}.Release|Any CPU.Build.0 = Release|Any CPU
		{2BF2C60F-9FA0-48BD-BCC7-17DC0E3747E5}.Debug|Any CPU.ActiveCfg = Debug|Any CPU
		{2BF2C60F-9FA0-48BD-BCC7-17DC0E3747E5}.Debug|Any CPU.Build.0 = Debug|Any CPU
		{2BF2C60F-9FA0-48BD-BCC7-17DC0E3747E5}.Release|Any CPU.ActiveCfg = Release|Any CPU
		{2BF2C60F-9FA0-48BD-BCC7-17DC0E3747E5}.Release|Any CPU.Build.0 = Release|Any CPU
	EndGlobalSection
	GlobalSection(SolutionProperties) = preSolution
		HideSolutionNode = FALSE
	EndGlobalSection
EndGlobal
