
Microsoft Visual Studio Solution File, Format Version 12.00
# Visual Studio 2013
VisualStudioVersion = 12.0.21005.1
MinimumVisualStudioVersion = 10.0.40219.1
Project("{E24C65DC-7377-472B-9ABA-BC803B73C61A}") = "DIP-UHF3-WebApp", "http://localhost:1318", "{7FE6224E-AFA3-4101-AD4B-D62315EAF883}"
	ProjectSection(WebsiteProperties) = preProject
		UseIISExpress = "true"
		TargetFrameworkMoniker = ".NETFramework,Version%3Dv4.5"
		ProjectReferences = "{fe713044-1796-4563-bfc6-7fe28e11de4a}|Engine.dll;{8830F18D-75AA-41AE-AF7A-5FFAE77EFB79}|LinqDB.dll;"
		Debug.AspNetCompiler.VirtualPath = "/localhost_1318"
		Debug.AspNetCompiler.PhysicalPath = "DIP-UHF3-WebApp\"
		Debug.AspNetCompiler.TargetPath = "PrecompiledWeb\localhost_1318\"
		Debug.AspNetCompiler.Updateable = "true"
		Debug.AspNetCompiler.ForceOverwrite = "true"
		Debug.AspNetCompiler.FixedNames = "false"
		Debug.AspNetCompiler.Debug = "True"
		Release.AspNetCompiler.VirtualPath = "/localhost_1318"
		Release.AspNetCompiler.PhysicalPath = "DIP-UHF3-WebApp\"
		Release.AspNetCompiler.TargetPath = "PrecompiledWeb\localhost_1318\"
		Release.AspNetCompiler.Updateable = "true"
		Release.AspNetCompiler.ForceOverwrite = "true"
		Release.AspNetCompiler.FixedNames = "false"
		Release.AspNetCompiler.Debug = "False"
		SlnRelativePath = "DIP-UHF3-WebApp\"
		DefaultWebSiteLanguage = "Visual Basic"
	EndProjectSection
EndProject
Project("{F184B08F-C81C-45F6-A57F-5ABD9991F28F}") = "Engine", "..\ShareObject\Engine\Engine.vbproj", "{FE713044-1796-4563-BFC6-7FE28E11DE4A}"
EndProject
Project("{F184B08F-C81C-45F6-A57F-5ABD9991F28F}") = "LinqDB", "..\ShareObject\LinqDB\LinqDB.vbproj", "{8830F18D-75AA-41AE-AF7A-5FFAE77EFB79}"
EndProject
Project("{E24C65DC-7377-472B-9ABA-BC803B73C61A}") = "DIP-UHF3-WebService", "http://localhost:33350", "{A86806AE-75D5-4DF9-8628-1ADFD0FD63A6}"
	ProjectSection(WebsiteProperties) = preProject
		UseIISExpress = "true"
		TargetFrameworkMoniker = ".NETFramework,Version%3Dv4.5"
		ProjectReferences = "{fe713044-1796-4563-bfc6-7fe28e11de4a}|Engine.dll;{8830F18D-75AA-41AE-AF7A-5FFAE77EFB79}|LinqDB.dll;"
		Debug.AspNetCompiler.VirtualPath = "/localhost_33350"
		Debug.AspNetCompiler.PhysicalPath = "DIP-UHF3-WebService\"
		Debug.AspNetCompiler.TargetPath = "PrecompiledWeb\localhost_33350\"
		Debug.AspNetCompiler.Updateable = "true"
		Debug.AspNetCompiler.ForceOverwrite = "true"
		Debug.AspNetCompiler.FixedNames = "false"
		Debug.AspNetCompiler.Debug = "True"
		Release.AspNetCompiler.VirtualPath = "/localhost_33350"
		Release.AspNetCompiler.PhysicalPath = "DIP-UHF3-WebService\"
		Release.AspNetCompiler.TargetPath = "PrecompiledWeb\localhost_33350\"
		Release.AspNetCompiler.Updateable = "true"
		Release.AspNetCompiler.ForceOverwrite = "true"
		Release.AspNetCompiler.FixedNames = "false"
		Release.AspNetCompiler.Debug = "False"
		SlnRelativePath = "DIP-UHF3-WebService\"
	EndProjectSection
EndProject
Project("{F184B08F-C81C-45F6-A57F-5ABD9991F28F}") = "LinqWS", "..\ShareObject\LinqWS\LinqWS.vbproj", "{F06C0D16-5F74-4DD3-AE87-F2FF1F64A5FD}"
EndProject
Project("{E24C65DC-7377-472B-9ABA-BC803B73C61A}") = "DIP-UHF3-WebUnion", "http://localhost:5608", "{F719E991-99DD-4B17-B3CF-5E0D171DEC4A}"
	ProjectSection(WebsiteProperties) = preProject
		UseIISExpress = "true"
		TargetFrameworkMoniker = ".NETFramework,Version%3Dv4.5"
		ProjectReferences = "{fe713044-1796-4563-bfc6-7fe28e11de4a}|Engine.dll;{8830F18D-75AA-41AE-AF7A-5FFAE77EFB79}|LinqDB.dll;"
		Debug.AspNetCompiler.VirtualPath = "/localhost_5608"
		Debug.AspNetCompiler.PhysicalPath = "DIP-UHF3-WebUnion\"
		Debug.AspNetCompiler.TargetPath = "PrecompiledWeb\localhost_5608\"
		Debug.AspNetCompiler.Updateable = "true"
		Debug.AspNetCompiler.ForceOverwrite = "true"
		Debug.AspNetCompiler.FixedNames = "false"
		Debug.AspNetCompiler.Debug = "True"
		Release.AspNetCompiler.VirtualPath = "/localhost_5608"
		Release.AspNetCompiler.PhysicalPath = "DIP-UHF3-WebUnion\"
		Release.AspNetCompiler.TargetPath = "PrecompiledWeb\localhost_5608\"
		Release.AspNetCompiler.Updateable = "true"
		Release.AspNetCompiler.ForceOverwrite = "true"
		Release.AspNetCompiler.FixedNames = "false"
		Release.AspNetCompiler.Debug = "False"
		SlnRelativePath = "DIP-UHF3-WebUnion\"
	EndProjectSection
EndProject
Project("{E24C65DC-7377-472B-9ABA-BC803B73C61A}") = "DIP-UHF3-WebSignage", "http://localhost:1100", "{DB6688EA-5D1C-467F-ACE4-EA97D07E336A}"
	ProjectSection(WebsiteProperties) = preProject
		UseIISExpress = "true"
		TargetFrameworkMoniker = ".NETFramework,Version%3Dv4.0"
		ProjectReferences = "{fe713044-1796-4563-bfc6-7fe28e11de4a}|Engine.dll;{8830F18D-75AA-41AE-AF7A-5FFAE77EFB79}|LinqDB.dll;"
		Debug.AspNetCompiler.VirtualPath = "/localhost_1100"
		Debug.AspNetCompiler.PhysicalPath = "DIP-UHF3-WebSignage\"
		Debug.AspNetCompiler.TargetPath = "PrecompiledWeb\localhost_1100\"
		Debug.AspNetCompiler.Updateable = "true"
		Debug.AspNetCompiler.ForceOverwrite = "true"
		Debug.AspNetCompiler.FixedNames = "false"
		Debug.AspNetCompiler.Debug = "True"
		Release.AspNetCompiler.VirtualPath = "/localhost_1100"
		Release.AspNetCompiler.PhysicalPath = "DIP-UHF3-WebSignage\"
		Release.AspNetCompiler.TargetPath = "PrecompiledWeb\localhost_1100\"
		Release.AspNetCompiler.Updateable = "true"
		Release.AspNetCompiler.ForceOverwrite = "true"
		Release.AspNetCompiler.FixedNames = "false"
		Release.AspNetCompiler.Debug = "False"
		SlnRelativePath = "DIP-UHF3-WebSignage\"
	EndProjectSection
EndProject
Global
	GlobalSection(SolutionConfigurationPlatforms) = preSolution
		Debug|Any CPU = Debug|Any CPU
		Release|Any CPU = Release|Any CPU
	EndGlobalSection
	GlobalSection(ProjectConfigurationPlatforms) = postSolution
		{7FE6224E-AFA3-4101-AD4B-D62315EAF883}.Debug|Any CPU.ActiveCfg = Debug|Any CPU
		{7FE6224E-AFA3-4101-AD4B-D62315EAF883}.Debug|Any CPU.Build.0 = Debug|Any CPU
		{7FE6224E-AFA3-4101-AD4B-D62315EAF883}.Release|Any CPU.ActiveCfg = Debug|Any CPU
		{7FE6224E-AFA3-4101-AD4B-D62315EAF883}.Release|Any CPU.Build.0 = Debug|Any CPU
		{FE713044-1796-4563-BFC6-7FE28E11DE4A}.Debug|Any CPU.ActiveCfg = Debug|Any CPU
		{FE713044-1796-4563-BFC6-7FE28E11DE4A}.Debug|Any CPU.Build.0 = Debug|Any CPU
		{FE713044-1796-4563-BFC6-7FE28E11DE4A}.Release|Any CPU.ActiveCfg = Release|Any CPU
		{FE713044-1796-4563-BFC6-7FE28E11DE4A}.Release|Any CPU.Build.0 = Release|Any CPU
		{8830F18D-75AA-41AE-AF7A-5FFAE77EFB79}.Debug|Any CPU.ActiveCfg = Debug|Any CPU
		{8830F18D-75AA-41AE-AF7A-5FFAE77EFB79}.Debug|Any CPU.Build.0 = Debug|Any CPU
		{8830F18D-75AA-41AE-AF7A-5FFAE77EFB79}.Release|Any CPU.ActiveCfg = Release|Any CPU
		{8830F18D-75AA-41AE-AF7A-5FFAE77EFB79}.Release|Any CPU.Build.0 = Release|Any CPU
		{A86806AE-75D5-4DF9-8628-1ADFD0FD63A6}.Debug|Any CPU.ActiveCfg = Debug|Any CPU
		{A86806AE-75D5-4DF9-8628-1ADFD0FD63A6}.Debug|Any CPU.Build.0 = Debug|Any CPU
		{A86806AE-75D5-4DF9-8628-1ADFD0FD63A6}.Release|Any CPU.ActiveCfg = Debug|Any CPU
		{A86806AE-75D5-4DF9-8628-1ADFD0FD63A6}.Release|Any CPU.Build.0 = Debug|Any CPU
		{F06C0D16-5F74-4DD3-AE87-F2FF1F64A5FD}.Debug|Any CPU.ActiveCfg = Debug|Any CPU
		{F06C0D16-5F74-4DD3-AE87-F2FF1F64A5FD}.Debug|Any CPU.Build.0 = Debug|Any CPU
		{F06C0D16-5F74-4DD3-AE87-F2FF1F64A5FD}.Release|Any CPU.ActiveCfg = Release|Any CPU
		{F06C0D16-5F74-4DD3-AE87-F2FF1F64A5FD}.Release|Any CPU.Build.0 = Release|Any CPU
		{F719E991-99DD-4B17-B3CF-5E0D171DEC4A}.Debug|Any CPU.ActiveCfg = Debug|Any CPU
		{F719E991-99DD-4B17-B3CF-5E0D171DEC4A}.Debug|Any CPU.Build.0 = Debug|Any CPU
		{F719E991-99DD-4B17-B3CF-5E0D171DEC4A}.Release|Any CPU.ActiveCfg = Debug|Any CPU
		{F719E991-99DD-4B17-B3CF-5E0D171DEC4A}.Release|Any CPU.Build.0 = Debug|Any CPU
		{DB6688EA-5D1C-467F-ACE4-EA97D07E336A}.Debug|Any CPU.ActiveCfg = Debug|Any CPU
		{DB6688EA-5D1C-467F-ACE4-EA97D07E336A}.Debug|Any CPU.Build.0 = Debug|Any CPU
		{DB6688EA-5D1C-467F-ACE4-EA97D07E336A}.Release|Any CPU.ActiveCfg = Debug|Any CPU
		{DB6688EA-5D1C-467F-ACE4-EA97D07E336A}.Release|Any CPU.Build.0 = Debug|Any CPU
	EndGlobalSection
	GlobalSection(SolutionProperties) = preSolution
		HideSolutionNode = FALSE
	EndGlobalSection
	GlobalSection(ExtensibilityGlobals) = postSolution
		VisualSVNWorkingCopyRoot = .
	EndGlobalSection
EndGlobal
